# THIS IS AN AUTOGENERATED FILE. DO NOT EDIT THIS FILE DIRECTLY.
# yarn lockfile v1


"@tailwindcss/forms@^0.5.4":
  version "0.5.4"
  resolved "https://registry.yarnpkg.com/@tailwindcss/forms/-/forms-0.5.4.tgz#5316a782fd95369eb5b6fd01d46323b3dce656a2"
  integrity sha512-YAm12D3R7/9Mh4jFbYSMnsd6jG++8KxogWgqs7hbdo/86aWjjlIEvL7+QYdVELmAI0InXTpZqFIg5e7aDVWI2Q==
  dependencies:
    mini-svg-data-uri "^1.2.3"

mini-svg-data-uri@^1.2.3:
  version "1.4.4"
  resolved "https://registry.yarnpkg.com/mini-svg-data-uri/-/mini-svg-data-uri-1.4.4.tgz#8ab0aabcdf8c29ad5693ca595af19dd2ead09939"
  integrity sha512-r9deDe9p5FJUPZAk3A59wGH7Ii9YrjjWw0jmw/liSbHl2CHiyXj6FcDXDu2K3TjVAXqiJdaw3xxwlZZr9E6nHg==
